// !$*UTF8*$!
{
	archiveVersion = 1;
	classes = {
	};
	objectVersion = 46;
	objects = {
/* Begin PBXBuildFile section */
		1D3623260D0F684500981E51 /* AppDelegate.m in Sources */ = {isa = PBXBuildFile; fileRef = 1D3623250D0F684500981E51 /* AppDelegate.m */; };
		1D60589B0D05DD56006BFB54 /* main.m in Sources */ = {isa = PBXBuildFile; fileRef = 29B97316FDCFA39411CA2CEA /* main.m */; };
		288765FD0DF74451002DB57D /* CoreGraphics.framework in Frameworks */ = {isa = PBXBuildFile; fileRef = 288765FC0DF74451002DB57D /* CoreGraphics.framework */; };
		301BF552109A68D80062928A /* libCordova.a in Frameworks */ = {isa = PBXBuildFile; fileRef = 301BF535109A57CC0062928A /* libCordova.a */; };
		302D95F114D2391D003F00A1 /* MainViewController.m in Sources */ = {isa = PBXBuildFile; fileRef = 302D95EF14D2391D003F00A1 /* MainViewController.m */; };
		302D95F214D2391D003F00A1 /* MainViewController.xib in Resources */ = {isa = PBXBuildFile; fileRef = 302D95F014D2391D003F00A1 /* MainViewController.xib */; };
		305D5FD1115AB8F900A74A75 /* MobileCoreServices.framework in Frameworks */ = {isa = PBXBuildFile; fileRef = 305D5FD0115AB8F900A74A75 /* MobileCoreServices.framework */; };
		3088BBBD154F3926009F9C59 /* Default-Landscape@2x~ipad.png in Resources */ = {isa = PBXBuildFile; fileRef = 3088BBB7154F3926009F9C59 /* Default-Landscape@2x~ipad.png */; };
		3088BBBE154F3926009F9C59 /* Default-Landscape~ipad.png in Resources */ = {isa = PBXBuildFile; fileRef = 3088BBB8154F3926009F9C59 /* Default-Landscape~ipad.png */; };
		3088BBBF154F3926009F9C59 /* Default-Portrait@2x~ipad.png in Resources */ = {isa = PBXBuildFile; fileRef = 3088BBB9154F3926009F9C59 /* Default-Portrait@2x~ipad.png */; };
		3088BBC0154F3926009F9C59 /* Default-Portrait~ipad.png in Resources */ = {isa = PBXBuildFile; fileRef = 3088BBBA154F3926009F9C59 /* Default-Portrait~ipad.png */; };
		3088BBC1154F3926009F9C59 /* Default@2x~iphone.png in Resources */ = {isa = PBXBuildFile; fileRef = 3088BBBB154F3926009F9C59 /* Default@2x~iphone.png */; };
		3088BBC2154F3926009F9C59 /* Default~iphone.png in Resources */ = {isa = PBXBuildFile; fileRef = 3088BBBC154F3926009F9C59 /* Default~iphone.png */; };
		308D05371370CCF300D202BF /* icon-72.png in Resources */ = {isa = PBXBuildFile; fileRef = 308D052E1370CCF300D202BF /* icon-72.png */; };
		308D05381370CCF300D202BF /* icon.png in Resources */ = {isa = PBXBuildFile; fileRef = 308D052F1370CCF300D202BF /* icon.png */; };
		308D05391370CCF300D202BF /* icon@2x.png in Resources */ = {isa = PBXBuildFile; fileRef = 308D05301370CCF300D202BF /* icon@2x.png */; };
		30B4F30019D5E07200D9F7D8 /* Default-667h.png in Resources */ = {isa = PBXBuildFile; fileRef = 30B4F2FD19D5E07200D9F7D8 /* Default-667h.png */; };
		30B4F30119D5E07200D9F7D8 /* Default-736h.png in Resources */ = {isa = PBXBuildFile; fileRef = 30B4F2FE19D5E07200D9F7D8 /* Default-736h.png */; };
		30B4F30219D5E07200D9F7D8 /* Default-Landscape-736h.png in Resources */ = {isa = PBXBuildFile; fileRef = 30B4F2FF19D5E07200D9F7D8 /* Default-Landscape-736h.png */; };
		30C1856619D5FC0A00212699 /* icon-60@3x.png in Resources */ = {isa = PBXBuildFile; fileRef = 30C1856519D5FC0A00212699 /* icon-60@3x.png */; };
		30FC414916E50CA1004E6F35 /* icon-72@2x.png in Resources */ = {isa = PBXBuildFile; fileRef = 30FC414816E50CA1004E6F35 /* icon-72@2x.png */; };
		5B1594DD16A7569C00FEF299 /* AssetsLibrary.framework in Frameworks */ = {isa = PBXBuildFile; fileRef = 5B1594DC16A7569C00FEF299 /* AssetsLibrary.framework */; };
		7E7966DE1810823500FA85AD /* icon-40.png in Resources */ = {isa = PBXBuildFile; fileRef = 7E7966D41810823500FA85AD /* icon-40.png */; };
		7E7966DF1810823500FA85AD /* icon-40@2x.png in Resources */ = {isa = PBXBuildFile; fileRef = 7E7966D51810823500FA85AD /* icon-40@2x.png */; };
		7E7966E01810823500FA85AD /* icon-50.png in Resources */ = {isa = PBXBuildFile; fileRef = 7E7966D61810823500FA85AD /* icon-50.png */; };
		7E7966E11810823500FA85AD /* icon-50@2x.png in Resources */ = {isa = PBXBuildFile; fileRef = 7E7966D71810823500FA85AD /* icon-50@2x.png */; };
		7E7966E21810823500FA85AD /* icon-60.png in Resources */ = {isa = PBXBuildFile; fileRef = 7E7966D81810823500FA85AD /* icon-60.png */; };
		7E7966E31810823500FA85AD /* icon-60@2x.png in Resources */ = {isa = PBXBuildFile; fileRef = 7E7966D91810823500FA85AD /* icon-60@2x.png */; };
		7E7966E41810823500FA85AD /* icon-76.png in Resources */ = {isa = PBXBuildFile; fileRef = 7E7966DA1810823500FA85AD /* icon-76.png */; };
		7E7966E51810823500FA85AD /* icon-76@2x.png in Resources */ = {isa = PBXBuildFile; fileRef = 7E7966DB1810823500FA85AD /* icon-76@2x.png */; };
		7E7966E61810823500FA85AD /* icon-small.png in Resources */ = {isa = PBXBuildFile; fileRef = 7E7966DC1810823500FA85AD /* icon-small.png */; };
		7E7966E71810823500FA85AD /* icon-small@2x.png in Resources */ = {isa = PBXBuildFile; fileRef = 7E7966DD1810823500FA85AD /* icon-small@2x.png */; };
		D4A0D8761607E02300AEF8BB /* Default-568h@2x~iphone.png in Resources */ = {isa = PBXBuildFile; fileRef = D4A0D8751607E02300AEF8BB /* Default-568h@2x~iphone.png */; };
		97F3A9546A9349A48AD98B6F /* CDVPluginExt.m in Sources */ = {isa = PBXBuildFile; fileRef = 2EE17D742B9C4E3B81403C67 /* CDVPluginExt.m */; };
		803EB58379E74585BDD88B02 /* libCordovaGenericAd.a in Frameworks */ = {isa = PBXBuildFile; fileRef = 9D829AA0FBE144AEAAD63C5C /* libCordovaGenericAd.a */; };
		FE2EA9E588424AD58EDBDFE2 /* CDVAdMobPlugin.m in Sources */ = {isa = PBXBuildFile; fileRef = D7D18E7255FB4A1798B488B0 /* CDVAdMobPlugin.m */; };
		CB5572796D484630B2B3B957 /* AdMobMediation.m in Sources */ = {isa = PBXBuildFile; fileRef = AF5BB00871AA424BA27ABEE9 /* AdMobMediation.m */; };
		C84DDE9F512F487987E07446 /* GoogleMobileAds.framework in Frameworks */ = {isa = PBXBuildFile; fileRef = 4523D8052ADB47FF8AEF7C4F /* GoogleMobileAds.framework */; };
		6A7BA570C0484B989D19C47C /* AdSupport.framework in Frameworks */ = {isa = PBXBuildFile; fileRef = 2D542BE772D046FEA007E946 /* AdSupport.framework */; };
		F1DC476CF6404315A49C0E9C /* AudioToolbox.framework in Frameworks */ = {isa = PBXBuildFile; fileRef = 23B97500A9F54A0F98E94AC8 /* AudioToolbox.framework */; };
		BBD184C4CED74017906D9BB2 /* AVFoundation.framework in Frameworks */ = {isa = PBXBuildFile; fileRef = 3F7E7B57DCB6448FB9509874 /* AVFoundation.framework */; };
		460199AB8B944588920EA3D1 /* CoreTelephony.framework in Frameworks */ = {isa = PBXBuildFile; fileRef = 000306179568499EB7E56728 /* CoreTelephony.framework */; };
		EC8D4843A11349DAA749B895 /* EventKit.framework in Frameworks */ = {isa = PBXBuildFile; fileRef = 0E476F22D3F6418AA9E285E7 /* EventKit.framework */; };
		5FA1BAD2C826478196F7E73F /* EventKitUI.framework in Frameworks */ = {isa = PBXBuildFile; fileRef = 11BC932E080845D3ABCDA82B /* EventKitUI.framework */; };
		13A22134A057422F8BE1622C /* Foundation.framework in Frameworks */ = {isa = PBXBuildFile; fileRef = 166BD335218B4792B21C0E96 /* Foundation.framework */; };
		EC9DA9B69A3C4556B651FBCB /* MessageUI.framework in Frameworks */ = {isa = PBXBuildFile; fileRef = CB7FD3AC2D954B87A0FFF9BF /* MessageUI.framework */; };
		584BA154D53E43FE840B9854 /* StoreKit.framework in Frameworks */ = {isa = PBXBuildFile; fileRef = 786F3445FBC244FF80FD0583 /* StoreKit.framework */; };
		4141C1E55F0A4D0A8342CC5E /* SystemConfiguration.framework in Frameworks */ = {isa = PBXBuildFile; fileRef = 56D1EFBC6D1B4A2B90560BA4 /* SystemConfiguration.framework */; };
		757F897179E94309A38CBD98 /* UIKit.framework in Frameworks */ = {isa = PBXBuildFile; fileRef = 08A8949C3ADD4107BD9525D9 /* UIKit.framework */; };
		9BE2847475B941F3B307A94B /* IonicKeyboard.m in Sources */ = {isa = PBXBuildFile; fileRef = 0EE8F9F4394A4EBE8F8BF78C /* IonicKeyboard.m */; };
		37BB4E6963E349E3BAEC953A /* UIWebViewExtension.m in Sources */ = {isa = PBXBuildFile; fileRef = 553EE1FCA0554053AD0EF8AE /* UIWebViewExtension.m */; };
		3E326FE8648A4591B97433CD /* AppDelegate+notification.m in Sources */ = {isa = PBXBuildFile; fileRef = 213F296547C4468BBF766447 /* AppDelegate+notification.m */; };
		A0A28701CD9A4612A205FE5D /* PushPlugin.m in Sources */ = {isa = PBXBuildFile; fileRef = 9F32F98C5FA146BB87D13A62 /* PushPlugin.m */; };
		F8BB10E884ED4DAE94D055C4 /* iAdPlugin.m in Sources */ = {isa = PBXBuildFile; fileRef = 530681AAF2ED46D88B792E8A /* iAdPlugin.m */; };
		39F4E5D313C94B8DBEB0E00F /* iAd.framework in Frameworks */ = {isa = PBXBuildFile; fileRef = 5AF623290D1240DEB9B45EDE /* iAd.framework */; settings = {ATTRIBUTES = (Weak, ); }; };
		0966129E1B1F4CC5A01D45CD /* APPEmailComposer.m in Sources */ = {isa = PBXBuildFile; fileRef = 735C6BD0DDF64335A8706496 /* APPEmailComposer.m */; };
		AD732BB0F4164175ADD018AC /* SocialSharing.m in Sources */ = {isa = PBXBuildFile; fileRef = 1958C9E8F16D4979A96B243B /* SocialSharing.m */; };
		496478D974294C388360656F /* Social.framework in Frameworks */ = {isa = PBXBuildFile; fileRef = BF00FCAC8B3A48FE8EBFB882 /* Social.framework */; settings = {ATTRIBUTES = (Weak, ); }; };
		4E729DE3BAD24CBC9FA0AA9A /* CDVLogger.m in Sources */ = {isa = PBXBuildFile; fileRef = 9899EDF0C7F149749768EA9B /* CDVLogger.m */; };
		304ED589E59D4D76AF77BCF4 /* CDVDevice.m in Sources */ = {isa = PBXBuildFile; fileRef = E035DACB0F8746C887206200 /* CDVDevice.m */; };
		7F86C86AB98149978DC9BED0 /* CDVNotification.m in Sources */ = {isa = PBXBuildFile; fileRef = F77FB03743614B7399F41561 /* CDVNotification.m */; };
		794DEEE510C947B7AC1A0AAF /* CDVNotification.bundle in Resources */ = {isa = PBXBuildFile; fileRef = 5E02169CA1D14996A32BF57F /* CDVNotification.bundle */; };
		5A39BE91075143EA9B73D96F /* CDVGlobalization.m in Sources */ = {isa = PBXBuildFile; fileRef = D28089B84A2147B9AB873FE2 /* CDVGlobalization.m */; };
		20E7B2493D964E0481C9E734 /* CDVInAppBrowser.m in Sources */ = {isa = PBXBuildFile; fileRef = 727AE2353B9F4277BA905409 /* CDVInAppBrowser.m */; };
		41682C1AC2614DD88145E221 /* CDVAppRate.m in Sources */ = {isa = PBXBuildFile; fileRef = A8569AC3C8B442359200A6FD /* CDVAppRate.m */; };
/* End PBXBuildFile section */

/* Begin PBXContainerItemProxy section */
		301BF534109A57CC0062928A /* PBXContainerItemProxy */ = {
			isa = PBXContainerItemProxy;
			containerPortal = 301BF52D109A57CC0062928A /* CordovaLib.xcodeproj */;
			proxyType = 2;
			remoteGlobalIDString = D2AAC07E0554694100DB518D;
			remoteInfo = CordovaLib;
		};
		301BF550109A68C00062928A /* PBXContainerItemProxy */ = {
			isa = PBXContainerItemProxy;
			containerPortal = 301BF52D109A57CC0062928A /* CordovaLib.xcodeproj */;
			proxyType = 1;
			remoteGlobalIDString = D2AAC07D0554694100DB518D;
			remoteInfo = CordovaLib;
		};
/* End PBXContainerItemProxy section */

/* Begin PBXFileReference section */
		1D3623240D0F684500981E51 /* AppDelegate.h */ = {isa = PBXFileReference; fileEncoding = 4; lastKnownFileType = sourcecode.c.h; path = AppDelegate.h; sourceTree = "<group>"; };
		1D3623250D0F684500981E51 /* AppDelegate.m */ = {isa = PBXFileReference; fileEncoding = 4; lastKnownFileType = sourcecode.c.objc; path = AppDelegate.m; sourceTree = "<group>"; };
		1D6058910D05DD3D006BFB54 /* ionWordpress.app */ = {isa = PBXFileReference; explicitFileType = wrapper.application; includeInIndex = 0; path = "ionWordpress.app"; sourceTree = BUILT_PRODUCTS_DIR; };
		1F766FDD13BBADB100FB74C0 /* en */ = {isa = PBXFileReference; lastKnownFileType = text.plist.strings; name = en; path = Localizable.strings; sourceTree = "<group>"; };
		1F766FE013BBADB100FB74C0 /* es */ = {isa = PBXFileReference; lastKnownFileType = text.plist.strings; name = es; path = Localizable.strings; sourceTree = "<group>"; };
		288765FC0DF74451002DB57D /* CoreGraphics.framework */ = {isa = PBXFileReference; lastKnownFileType = wrapper.framework; name = CoreGraphics.framework; path = System/Library/Frameworks/CoreGraphics.framework; sourceTree = SDKROOT; };
		29B97316FDCFA39411CA2CEA /* main.m */ = {isa = PBXFileReference; fileEncoding = 4; lastKnownFileType = sourcecode.c.objc; path = main.m; sourceTree = "<group>"; };
		301BF52D109A57CC0062928A /* CordovaLib.xcodeproj */ = {isa = PBXFileReference; lastKnownFileType = "wrapper.pb-project"; name = CordovaLib.xcodeproj; path = "CordovaLib/CordovaLib.xcodeproj"; sourceTree = "<group>"; };
		301BF56E109A69640062928A /* www */ = {isa = PBXFileReference; lastKnownFileType = folder; path = www; sourceTree = SOURCE_ROOT; };
		302D95EE14D2391D003F00A1 /* MainViewController.h */ = {isa = PBXFileReference; fileEncoding = 4; lastKnownFileType = sourcecode.c.h; path = MainViewController.h; sourceTree = "<group>"; };
		302D95EF14D2391D003F00A1 /* MainViewController.m */ = {isa = PBXFileReference; fileEncoding = 4; lastKnownFileType = sourcecode.c.objc; path = MainViewController.m; sourceTree = "<group>"; };
		302D95F014D2391D003F00A1 /* MainViewController.xib */ = {isa = PBXFileReference; fileEncoding = 4; lastKnownFileType = file.xib; path = MainViewController.xib; sourceTree = "<group>"; };
		305D5FD0115AB8F900A74A75 /* MobileCoreServices.framework */ = {isa = PBXFileReference; lastKnownFileType = wrapper.framework; name = MobileCoreServices.framework; path = System/Library/Frameworks/MobileCoreServices.framework; sourceTree = SDKROOT; };
		3088BBB7154F3926009F9C59 /* Default-Landscape@2x~ipad.png */ = {isa = PBXFileReference; lastKnownFileType = image.png; path = "Default-Landscape@2x~ipad.png"; sourceTree = "<group>"; };
		3088BBB8154F3926009F9C59 /* Default-Landscape~ipad.png */ = {isa = PBXFileReference; lastKnownFileType = image.png; path = "Default-Landscape~ipad.png"; sourceTree = "<group>"; };
		3088BBB9154F3926009F9C59 /* Default-Portrait@2x~ipad.png */ = {isa = PBXFileReference; lastKnownFileType = image.png; path = "Default-Portrait@2x~ipad.png"; sourceTree = "<group>"; };
		3088BBBA154F3926009F9C59 /* Default-Portrait~ipad.png */ = {isa = PBXFileReference; lastKnownFileType = image.png; path = "Default-Portrait~ipad.png"; sourceTree = "<group>"; };
		3088BBBB154F3926009F9C59 /* Default@2x~iphone.png */ = {isa = PBXFileReference; lastKnownFileType = image.png; path = "Default@2x~iphone.png"; sourceTree = "<group>"; };
		3088BBBC154F3926009F9C59 /* Default~iphone.png */ = {isa = PBXFileReference; lastKnownFileType = image.png; path = "Default~iphone.png"; sourceTree = "<group>"; };
		308D052E1370CCF300D202BF /* icon-72.png */ = {isa = PBXFileReference; lastKnownFileType = image.png; path = "icon-72.png"; sourceTree = "<group>"; };
		308D052F1370CCF300D202BF /* icon.png */ = {isa = PBXFileReference; lastKnownFileType = image.png; path = icon.png; sourceTree = "<group>"; };
		308D05301370CCF300D202BF /* icon@2x.png */ = {isa = PBXFileReference; lastKnownFileType = image.png; path = "icon@2x.png"; sourceTree = "<group>"; };
		30B4F2FD19D5E07200D9F7D8 /* Default-667h.png */ = {isa = PBXFileReference; lastKnownFileType = image.png; path = "Default-667h.png"; sourceTree = "<group>"; };
		30B4F2FE19D5E07200D9F7D8 /* Default-736h.png */ = {isa = PBXFileReference; lastKnownFileType = image.png; path = "Default-736h.png"; sourceTree = "<group>"; };
		30B4F2FF19D5E07200D9F7D8 /* Default-Landscape-736h.png */ = {isa = PBXFileReference; lastKnownFileType = image.png; path = "Default-Landscape-736h.png"; sourceTree = "<group>"; };
		30C1856519D5FC0A00212699 /* icon-60@3x.png */ = {isa = PBXFileReference; lastKnownFileType = image.png; path = "icon-60@3x.png"; sourceTree = "<group>"; };
		30FC414816E50CA1004E6F35 /* icon-72@2x.png */ = {isa = PBXFileReference; lastKnownFileType = image.png; path = "icon-72@2x.png"; sourceTree = "<group>"; };
		32CA4F630368D1EE00C91783 /* ionWordpress-Prefix.pch */ = {isa = PBXFileReference; fileEncoding = 4; lastKnownFileType = sourcecode.c.h; path = "ionWordpress-Prefix.pch"; sourceTree = "<group>"; };
		5B1594DC16A7569C00FEF299 /* AssetsLibrary.framework */ = {isa = PBXFileReference; lastKnownFileType = wrapper.framework; name = AssetsLibrary.framework; path = System/Library/Frameworks/AssetsLibrary.framework; sourceTree = SDKROOT; };
		7E7966D41810823500FA85AD /* icon-40.png */ = {isa = PBXFileReference; lastKnownFileType = image.png; path = "icon-40.png"; sourceTree = "<group>"; };
		7E7966D51810823500FA85AD /* icon-40@2x.png */ = {isa = PBXFileReference; lastKnownFileType = image.png; path = "icon-40@2x.png"; sourceTree = "<group>"; };
		7E7966D61810823500FA85AD /* icon-50.png */ = {isa = PBXFileReference; lastKnownFileType = image.png; path = "icon-50.png"; sourceTree = "<group>"; };
		7E7966D71810823500FA85AD /* icon-50@2x.png */ = {isa = PBXFileReference; lastKnownFileType = image.png; path = "icon-50@2x.png"; sourceTree = "<group>"; };
		7E7966D81810823500FA85AD /* icon-60.png */ = {isa = PBXFileReference; lastKnownFileType = image.png; path = "icon-60.png"; sourceTree = "<group>"; };
		7E7966D91810823500FA85AD /* icon-60@2x.png */ = {isa = PBXFileReference; lastKnownFileType = image.png; path = "icon-60@2x.png"; sourceTree = "<group>"; };
		7E7966DA1810823500FA85AD /* icon-76.png */ = {isa = PBXFileReference; lastKnownFileType = image.png; path = "icon-76.png"; sourceTree = "<group>"; };
		7E7966DB1810823500FA85AD /* icon-76@2x.png */ = {isa = PBXFileReference; lastKnownFileType = image.png; path = "icon-76@2x.png"; sourceTree = "<group>"; };
		7E7966DC1810823500FA85AD /* icon-small.png */ = {isa = PBXFileReference; lastKnownFileType = image.png; path = "icon-small.png"; sourceTree = "<group>"; };
		7E7966DD1810823500FA85AD /* icon-small@2x.png */ = {isa = PBXFileReference; lastKnownFileType = image.png; path = "icon-small@2x.png"; sourceTree = "<group>"; };
		8D1107310486CEB800E47090 /* ionWordpress-Info.plist */ = {isa = PBXFileReference; fileEncoding = 4; lastKnownFileType = text.plist.xml; name = "ionWordpress-Info.plist"; path = "../ionWordpress-Info.plist"; plistStructureDefinitionIdentifier = "com.apple.xcode.plist.structure-definition.iphone.info-plist"; sourceTree = "<group>"; };
		D4A0D8751607E02300AEF8BB /* Default-568h@2x~iphone.png */ = {isa = PBXFileReference; lastKnownFileType = image.png; path = "Default-568h@2x~iphone.png"; sourceTree = "<group>"; };
		EB87FDF21871DA7A0020F90C /* merges */ = {isa = PBXFileReference; lastKnownFileType = folder; name = merges; path = ../../merges; sourceTree = "<group>"; };
		EB87FDF31871DA8E0020F90C /* www */ = {isa = PBXFileReference; lastKnownFileType = folder; name = www; path = ../../www; sourceTree = "<group>"; };
		EB87FDF41871DAF40020F90C /* config.xml */ = {isa = PBXFileReference; lastKnownFileType = text.xml; name = config.xml; path = ../../config.xml; sourceTree = "<group>"; };
		F840E1F0165FE0F500CFE078 /* config.xml */ = {isa = PBXFileReference; lastKnownFileType = text.xml; name = config.xml; path = "ionWordpress/config.xml"; sourceTree = "<group>"; };
		2EE17D742B9C4E3B81403C67 /* CDVPluginExt.m */ = {isa = PBXFileReference; lastKnownFileType = sourcecode.c.objc; name = "CDVPluginExt.m"; path = "com.rjfun.cordova.extension/CDVPluginExt.m"; sourceTree = "<group>"; fileEncoding = 4; };
		9D829AA0FBE144AEAAD63C5C /* libCordovaGenericAd.a */ = {isa = PBXFileReference; lastKnownFileType = archive.ar; name = "libCordovaGenericAd.a"; path = "ionWordpress/Plugins/com.rjfun.cordova.extension/libCordovaGenericAd.a"; sourceTree = "<group>"; fileEncoding = 4; };
		E6C63211FE8F4762A6843760 /* PluginAdapterDelegate.h */ = {isa = PBXFileReference; lastKnownFileType = sourcecode.c.h; name = "PluginAdapterDelegate.h"; path = "com.rjfun.cordova.extension/PluginAdapterDelegate.h"; sourceTree = "<group>"; fileEncoding = 4; };
		4F484624DF9F44B2B256009E /* CDVPluginExt.h */ = {isa = PBXFileReference; lastKnownFileType = sourcecode.c.h; name = "CDVPluginExt.h"; path = "com.rjfun.cordova.extension/CDVPluginExt.h"; sourceTree = "<group>"; fileEncoding = 4; };
		6E7E53AFDDAF4CA88B5F164E /* GenericAdPlugin.h */ = {isa = PBXFileReference; lastKnownFileType = sourcecode.c.h; name = "GenericAdPlugin.h"; path = "com.rjfun.cordova.extension/GenericAdPlugin.h"; sourceTree = "<group>"; fileEncoding = 4; };
		D7D18E7255FB4A1798B488B0 /* CDVAdMobPlugin.m */ = {isa = PBXFileReference; lastKnownFileType = sourcecode.c.objc; name = "CDVAdMobPlugin.m"; path = "com.google.cordova.admob/CDVAdMobPlugin.m"; sourceTree = "<group>"; fileEncoding = 4; };
		AF5BB00871AA424BA27ABEE9 /* AdMobMediation.m */ = {isa = PBXFileReference; lastKnownFileType = sourcecode.c.objc; name = "AdMobMediation.m"; path = "com.google.cordova.admob/AdMobMediation.m"; sourceTree = "<group>"; fileEncoding = 4; };
		7B7C62A1A55E4AAEB306F917 /* CDVAdMobPlugin.h */ = {isa = PBXFileReference; lastKnownFileType = sourcecode.c.h; name = "CDVAdMobPlugin.h"; path = "com.google.cordova.admob/CDVAdMobPlugin.h"; sourceTree = "<group>"; fileEncoding = 4; };
		A22E7C99765F4C9AB8F3CCB6 /* AdMobMediation.h */ = {isa = PBXFileReference; lastKnownFileType = sourcecode.c.h; name = "AdMobMediation.h"; path = "com.google.cordova.admob/AdMobMediation.h"; sourceTree = "<group>"; fileEncoding = 4; };
		4523D8052ADB47FF8AEF7C4F /* GoogleMobileAds.framework */ = {isa = PBXFileReference; lastKnownFileType = wrapper.framework; name = "GoogleMobileAds.framework"; path = "ionWordpress/Plugins/com.google.cordova.admob/GoogleMobileAds.framework"; sourceTree = "<group>"; };
		2D542BE772D046FEA007E946 /* AdSupport.framework */ = {isa = PBXFileReference; lastKnownFileType = wrapper.framework; name = "AdSupport.framework"; path = "System/Library/Frameworks/AdSupport.framework"; sourceTree = SDKROOT; fileEncoding = 4; };
		23B97500A9F54A0F98E94AC8 /* AudioToolbox.framework */ = {isa = PBXFileReference; lastKnownFileType = wrapper.framework; name = "AudioToolbox.framework"; path = "System/Library/Frameworks/AudioToolbox.framework"; sourceTree = SDKROOT; fileEncoding = 4; };
		3F7E7B57DCB6448FB9509874 /* AVFoundation.framework */ = {isa = PBXFileReference; lastKnownFileType = wrapper.framework; name = "AVFoundation.framework"; path = "System/Library/Frameworks/AVFoundation.framework"; sourceTree = SDKROOT; fileEncoding = 4; };
		000306179568499EB7E56728 /* CoreTelephony.framework */ = {isa = PBXFileReference; lastKnownFileType = wrapper.framework; name = "CoreTelephony.framework"; path = "System/Library/Frameworks/CoreTelephony.framework"; sourceTree = SDKROOT; fileEncoding = 4; };
		0E476F22D3F6418AA9E285E7 /* EventKit.framework */ = {isa = PBXFileReference; lastKnownFileType = wrapper.framework; name = "EventKit.framework"; path = "System/Library/Frameworks/EventKit.framework"; sourceTree = SDKROOT; fileEncoding = 4; };
		11BC932E080845D3ABCDA82B /* EventKitUI.framework */ = {isa = PBXFileReference; lastKnownFileType = wrapper.framework; name = "EventKitUI.framework"; path = "System/Library/Frameworks/EventKitUI.framework"; sourceTree = SDKROOT; fileEncoding = 4; };
		166BD335218B4792B21C0E96 /* Foundation.framework */ = {isa = PBXFileReference; lastKnownFileType = wrapper.framework; name = "Foundation.framework"; path = "System/Library/Frameworks/Foundation.framework"; sourceTree = SDKROOT; fileEncoding = 4; };
		CB7FD3AC2D954B87A0FFF9BF /* MessageUI.framework */ = {isa = PBXFileReference; lastKnownFileType = wrapper.framework; name = "MessageUI.framework"; path = "System/Library/Frameworks/MessageUI.framework"; sourceTree = SDKROOT; fileEncoding = 4; };
		786F3445FBC244FF80FD0583 /* StoreKit.framework */ = {isa = PBXFileReference; lastKnownFileType = wrapper.framework; name = "StoreKit.framework"; path = "System/Library/Frameworks/StoreKit.framework"; sourceTree = SDKROOT; fileEncoding = 4; };
		56D1EFBC6D1B4A2B90560BA4 /* SystemConfiguration.framework */ = {isa = PBXFileReference; lastKnownFileType = wrapper.framework; name = "SystemConfiguration.framework"; path = "System/Library/Frameworks/SystemConfiguration.framework"; sourceTree = SDKROOT; fileEncoding = 4; };
		08A8949C3ADD4107BD9525D9 /* UIKit.framework */ = {isa = PBXFileReference; lastKnownFileType = wrapper.framework; name = "UIKit.framework"; path = "System/Library/Frameworks/UIKit.framework"; sourceTree = SDKROOT; fileEncoding = 4; };
		0EE8F9F4394A4EBE8F8BF78C /* IonicKeyboard.m */ = {isa = PBXFileReference; lastKnownFileType = sourcecode.c.objc; name = "IonicKeyboard.m"; path = "com.ionic.keyboard/IonicKeyboard.m"; sourceTree = "<group>"; fileEncoding = 4; };
		553EE1FCA0554053AD0EF8AE /* UIWebViewExtension.m */ = {isa = PBXFileReference; lastKnownFileType = sourcecode.c.objc; name = "UIWebViewExtension.m"; path = "com.ionic.keyboard/UIWebViewExtension.m"; sourceTree = "<group>"; fileEncoding = 4; };
		FD787F52F3964155A4CCE39D /* IonicKeyboard.h */ = {isa = PBXFileReference; lastKnownFileType = sourcecode.c.h; name = "IonicKeyboard.h"; path = "com.ionic.keyboard/IonicKeyboard.h"; sourceTree = "<group>"; fileEncoding = 4; };
		207E0B1DF84042ACA4EF9F31 /* UIWebViewExtension.h */ = {isa = PBXFileReference; lastKnownFileType = sourcecode.c.h; name = "UIWebViewExtension.h"; path = "com.ionic.keyboard/UIWebViewExtension.h"; sourceTree = "<group>"; fileEncoding = 4; };
		213F296547C4468BBF766447 /* AppDelegate+notification.m */ = {isa = PBXFileReference; lastKnownFileType = sourcecode.c.objc; name = "AppDelegate+notification.m"; path = "com.phonegap.plugins.PushPlugin/AppDelegate+notification.m"; sourceTree = "<group>"; fileEncoding = 4; };
		9F32F98C5FA146BB87D13A62 /* PushPlugin.m */ = {isa = PBXFileReference; lastKnownFileType = sourcecode.c.objc; name = "PushPlugin.m"; path = "com.phonegap.plugins.PushPlugin/PushPlugin.m"; sourceTree = "<group>"; fileEncoding = 4; };
		A033C895277B4136B6940B29 /* AppDelegate+notification.h */ = {isa = PBXFileReference; lastKnownFileType = sourcecode.c.h; name = "AppDelegate+notification.h"; path = "com.phonegap.plugins.PushPlugin/AppDelegate+notification.h"; sourceTree = "<group>"; fileEncoding = 4; };
		0E175F586D4E443980D12CA1 /* PushPlugin.h */ = {isa = PBXFileReference; lastKnownFileType = sourcecode.c.h; name = "PushPlugin.h"; path = "com.phonegap.plugins.PushPlugin/PushPlugin.h"; sourceTree = "<group>"; fileEncoding = 4; };
		530681AAF2ED46D88B792E8A /* iAdPlugin.m */ = {isa = PBXFileReference; lastKnownFileType = sourcecode.c.objc; name = "iAdPlugin.m"; path = "com.rjfun.cordova.iad/iAdPlugin.m"; sourceTree = "<group>"; fileEncoding = 4; };
		D2933E16DB3D4501A38A1618 /* iAdPlugin.h */ = {isa = PBXFileReference; lastKnownFileType = sourcecode.c.h; name = "iAdPlugin.h"; path = "com.rjfun.cordova.iad/iAdPlugin.h"; sourceTree = "<group>"; fileEncoding = 4; };
		5AF623290D1240DEB9B45EDE /* iAd.framework */ = {isa = PBXFileReference; lastKnownFileType = wrapper.framework; name = "iAd.framework"; path = "System/Library/Frameworks/iAd.framework"; sourceTree = SDKROOT; fileEncoding = 4; };
		735C6BD0DDF64335A8706496 /* APPEmailComposer.m */ = {isa = PBXFileReference; lastKnownFileType = sourcecode.c.objc; name = "APPEmailComposer.m"; path = "de.appplant.cordova.plugin.email-composer/APPEmailComposer.m"; sourceTree = "<group>"; fileEncoding = 4; };
		A81BE7A193144570BE4A89AB /* APPEmailComposer.h */ = {isa = PBXFileReference; lastKnownFileType = sourcecode.c.h; name = "APPEmailComposer.h"; path = "de.appplant.cordova.plugin.email-composer/APPEmailComposer.h"; sourceTree = "<group>"; fileEncoding = 4; };
		1958C9E8F16D4979A96B243B /* SocialSharing.m */ = {isa = PBXFileReference; lastKnownFileType = sourcecode.c.objc; name = "SocialSharing.m"; path = "nl.x-services.plugins.socialsharing/SocialSharing.m"; sourceTree = "<group>"; fileEncoding = 4; };
		EE42731737A84119A30BDB13 /* SocialSharing.h */ = {isa = PBXFileReference; lastKnownFileType = sourcecode.c.h; name = "SocialSharing.h"; path = "nl.x-services.plugins.socialsharing/SocialSharing.h"; sourceTree = "<group>"; fileEncoding = 4; };
		BF00FCAC8B3A48FE8EBFB882 /* Social.framework */ = {isa = PBXFileReference; lastKnownFileType = wrapper.framework; name = "Social.framework"; path = "System/Library/Frameworks/Social.framework"; sourceTree = SDKROOT; fileEncoding = 4; };
		9899EDF0C7F149749768EA9B /* CDVLogger.m */ = {isa = PBXFileReference; lastKnownFileType = sourcecode.c.objc; name = "CDVLogger.m"; path = "org.apache.cordova.console/CDVLogger.m"; sourceTree = "<group>"; fileEncoding = 4; };
		FED138202A7C47DBA3A4257B /* CDVLogger.h */ = {isa = PBXFileReference; lastKnownFileType = sourcecode.c.h; name = "CDVLogger.h"; path = "org.apache.cordova.console/CDVLogger.h"; sourceTree = "<group>"; fileEncoding = 4; };
		E035DACB0F8746C887206200 /* CDVDevice.m */ = {isa = PBXFileReference; lastKnownFileType = sourcecode.c.objc; name = "CDVDevice.m"; path = "org.apache.cordova.device/CDVDevice.m"; sourceTree = "<group>"; fileEncoding = 4; };
		52E80BDEEEAA4FCE818FB40F /* CDVDevice.h */ = {isa = PBXFileReference; lastKnownFileType = sourcecode.c.h; name = "CDVDevice.h"; path = "org.apache.cordova.device/CDVDevice.h"; sourceTree = "<group>"; fileEncoding = 4; };
		F77FB03743614B7399F41561 /* CDVNotification.m */ = {isa = PBXFileReference; lastKnownFileType = sourcecode.c.objc; name = "CDVNotification.m"; path = "org.apache.cordova.dialogs/CDVNotification.m"; sourceTree = "<group>"; fileEncoding = 4; };
		163B43428A364D3B916CB9AF /* CDVNotification.h */ = {isa = PBXFileReference; lastKnownFileType = sourcecode.c.h; name = "CDVNotification.h"; path = "org.apache.cordova.dialogs/CDVNotification.h"; sourceTree = "<group>"; fileEncoding = 4; };
		5E02169CA1D14996A32BF57F /* CDVNotification.bundle */ = {isa = PBXFileReference; lastKnownFileType = "wrapper.plug-in"; name = "CDVNotification.bundle"; path = "CDVNotification.bundle"; sourceTree = "<group>"; };
		D28089B84A2147B9AB873FE2 /* CDVGlobalization.m */ = {isa = PBXFileReference; lastKnownFileType = sourcecode.c.objc; name = "CDVGlobalization.m"; path = "org.apache.cordova.globalization/CDVGlobalization.m"; sourceTree = "<group>"; fileEncoding = 4; };
		7422A458015741109321BB21 /* CDVGlobalization.h */ = {isa = PBXFileReference; lastKnownFileType = sourcecode.c.h; name = "CDVGlobalization.h"; path = "org.apache.cordova.globalization/CDVGlobalization.h"; sourceTree = "<group>"; fileEncoding = 4; };
		727AE2353B9F4277BA905409 /* CDVInAppBrowser.m */ = {isa = PBXFileReference; lastKnownFileType = sourcecode.c.objc; name = "CDVInAppBrowser.m"; path = "org.apache.cordova.inappbrowser/CDVInAppBrowser.m"; sourceTree = "<group>"; fileEncoding = 4; };
		46D290F9D3C84A4C8B58824B /* CDVInAppBrowser.h */ = {isa = PBXFileReference; lastKnownFileType = sourcecode.c.h; name = "CDVInAppBrowser.h"; path = "org.apache.cordova.inappbrowser/CDVInAppBrowser.h"; sourceTree = "<group>"; fileEncoding = 4; };
		A8569AC3C8B442359200A6FD /* CDVAppRate.m */ = {isa = PBXFileReference; lastKnownFileType = sourcecode.c.objc; name = "CDVAppRate.m"; path = "org.pushandplay.cordova.apprate/CDVAppRate.m"; sourceTree = "<group>"; fileEncoding = 4; };
		653D57724090422BBE963731 /* CDVAppRate.h */ = {isa = PBXFileReference; lastKnownFileType = sourcecode.c.h; name = "CDVAppRate.h"; path = "org.pushandplay.cordova.apprate/CDVAppRate.h"; sourceTree = "<group>"; fileEncoding = 4; };
/* End PBXFileReference section */

/* Begin PBXFrameworksBuildPhase section */
		1D60588F0D05DD3D006BFB54 /* Frameworks */ = {
			isa = PBXFrameworksBuildPhase;
			buildActionMask = 2147483647;
			files = (
				5B1594DD16A7569C00FEF299 /* AssetsLibrary.framework in Frameworks */,
				301BF552109A68D80062928A /* libCordova.a in Frameworks */,
				288765FD0DF74451002DB57D /* CoreGraphics.framework in Frameworks */,
				305D5FD1115AB8F900A74A75 /* MobileCoreServices.framework in Frameworks */,
				803EB58379E74585BDD88B02 /* libCordovaGenericAd.a in Frameworks */,
				C84DDE9F512F487987E07446 /* GoogleMobileAds.framework in Frameworks */,
				6A7BA570C0484B989D19C47C /* AdSupport.framework in Frameworks */,
				F1DC476CF6404315A49C0E9C /* AudioToolbox.framework in Frameworks */,
				BBD184C4CED74017906D9BB2 /* AVFoundation.framework in Frameworks */,
				460199AB8B944588920EA3D1 /* CoreTelephony.framework in Frameworks */,
				EC8D4843A11349DAA749B895 /* EventKit.framework in Frameworks */,
				5FA1BAD2C826478196F7E73F /* EventKitUI.framework in Frameworks */,
				13A22134A057422F8BE1622C /* Foundation.framework in Frameworks */,
				EC9DA9B69A3C4556B651FBCB /* MessageUI.framework in Frameworks */,
				584BA154D53E43FE840B9854 /* StoreKit.framework in Frameworks */,
				4141C1E55F0A4D0A8342CC5E /* SystemConfiguration.framework in Frameworks */,
				757F897179E94309A38CBD98 /* UIKit.framework in Frameworks */,
				39F4E5D313C94B8DBEB0E00F /* iAd.framework in Frameworks */,
				496478D974294C388360656F /* Social.framework in Frameworks */,
			);
			runOnlyForDeploymentPostprocessing = 0;
		};
/* End PBXFrameworksBuildPhase section */

/* Begin PBXGroup section */
		080E96DDFE201D6D7F000001 /* Classes */ = {
			isa = PBXGroup;
			children = (
				302D95EE14D2391D003F00A1 /* MainViewController.h */,
				302D95EF14D2391D003F00A1 /* MainViewController.m */,
				302D95F014D2391D003F00A1 /* MainViewController.xib */,
				1D3623240D0F684500981E51 /* AppDelegate.h */,
				1D3623250D0F684500981E51 /* AppDelegate.m */,
			);
			name = Classes;
			path = "ionWordpress/Classes";
			sourceTree = SOURCE_ROOT;
		};
		19C28FACFE9D520D11CA2CBB /* Products */ = {
			isa = PBXGroup;
			children = (
				1D6058910D05DD3D006BFB54 /* ionWordpress.app */,
			);
			name = Products;
			sourceTree = "<group>";
		};
		29B97314FDCFA39411CA2CEA /* CustomTemplate */ = {
			isa = PBXGroup;
			children = (
				EB87FDF41871DAF40020F90C /* config.xml */,
				EB87FDF31871DA8E0020F90C /* www */,
				EB87FDF21871DA7A0020F90C /* merges */,
				EB87FDF11871DA420020F90C /* Staging */,
				301BF52D109A57CC0062928A /* CordovaLib.xcodeproj */,
				080E96DDFE201D6D7F000001 /* Classes */,
				307C750510C5A3420062BCA9 /* Plugins */,
				29B97315FDCFA39411CA2CEA /* Other Sources */,
				29B97317FDCFA39411CA2CEA /* Resources */,
				29B97323FDCFA39411CA2CEA /* Frameworks */,
				19C28FACFE9D520D11CA2CBB /* Products */,
			);
			name = CustomTemplate;
			sourceTree = "<group>";
		};
		29B97315FDCFA39411CA2CEA /* Other Sources */ = {
			isa = PBXGroup;
			children = (
				32CA4F630368D1EE00C91783 /* ionWordpress-Prefix.pch */,
				29B97316FDCFA39411CA2CEA /* main.m */,
			);
			name = "Other Sources";
			path = "ionWordpress";
			sourceTree = "<group>";
		};
		29B97317FDCFA39411CA2CEA /* Resources */ = {
			isa = PBXGroup;
			children = (
				308D052D1370CCF300D202BF /* icons */,
				308D05311370CCF300D202BF /* splash */,
				8D1107310486CEB800E47090 /* ionWordpress-Info.plist */,
				5E02169CA1D14996A32BF57F /* CDVNotification.bundle */,
			);
			name = Resources;
			path = "ionWordpress/Resources";
			sourceTree = "<group>";
		};
		29B97323FDCFA39411CA2CEA /* Frameworks */ = {
			isa = PBXGroup;
			children = (
				5B1594DC16A7569C00FEF299 /* AssetsLibrary.framework */,
				288765FC0DF74451002DB57D /* CoreGraphics.framework */,
				305D5FD0115AB8F900A74A75 /* MobileCoreServices.framework */,
				9D829AA0FBE144AEAAD63C5C /* libCordovaGenericAd.a */,
				4523D8052ADB47FF8AEF7C4F /* GoogleMobileAds.framework */,
				2D542BE772D046FEA007E946 /* AdSupport.framework */,
				23B97500A9F54A0F98E94AC8 /* AudioToolbox.framework */,
				3F7E7B57DCB6448FB9509874 /* AVFoundation.framework */,
				000306179568499EB7E56728 /* CoreTelephony.framework */,
				0E476F22D3F6418AA9E285E7 /* EventKit.framework */,
				11BC932E080845D3ABCDA82B /* EventKitUI.framework */,
				166BD335218B4792B21C0E96 /* Foundation.framework */,
				CB7FD3AC2D954B87A0FFF9BF /* MessageUI.framework */,
				786F3445FBC244FF80FD0583 /* StoreKit.framework */,
				56D1EFBC6D1B4A2B90560BA4 /* SystemConfiguration.framework */,
				08A8949C3ADD4107BD9525D9 /* UIKit.framework */,
				5AF623290D1240DEB9B45EDE /* iAd.framework */,
				BF00FCAC8B3A48FE8EBFB882 /* Social.framework */,
			);
			name = Frameworks;
			sourceTree = "<group>";
		};
		301BF52E109A57CC0062928A /* Products */ = {
			isa = PBXGroup;
			children = (
				301BF535109A57CC0062928A /* libCordova.a */,
			);
			name = Products;
			sourceTree = "<group>";
		};
		307C750510C5A3420062BCA9 /* Plugins */ = {
			isa = PBXGroup;
			children = (
				2EE17D742B9C4E3B81403C67 /* CDVPluginExt.m */,
				E6C63211FE8F4762A6843760 /* PluginAdapterDelegate.h */,
				4F484624DF9F44B2B256009E /* CDVPluginExt.h */,
				6E7E53AFDDAF4CA88B5F164E /* GenericAdPlugin.h */,
				D7D18E7255FB4A1798B488B0 /* CDVAdMobPlugin.m */,
				AF5BB00871AA424BA27ABEE9 /* AdMobMediation.m */,
				7B7C62A1A55E4AAEB306F917 /* CDVAdMobPlugin.h */,
				A22E7C99765F4C9AB8F3CCB6 /* AdMobMediation.h */,
				0EE8F9F4394A4EBE8F8BF78C /* IonicKeyboard.m */,
				553EE1FCA0554053AD0EF8AE /* UIWebViewExtension.m */,
				FD787F52F3964155A4CCE39D /* IonicKeyboard.h */,
				207E0B1DF84042ACA4EF9F31 /* UIWebViewExtension.h */,
				213F296547C4468BBF766447 /* AppDelegate+notification.m */,
				9F32F98C5FA146BB87D13A62 /* PushPlugin.m */,
				A033C895277B4136B6940B29 /* AppDelegate+notification.h */,
				0E175F586D4E443980D12CA1 /* PushPlugin.h */,
				530681AAF2ED46D88B792E8A /* iAdPlugin.m */,
				D2933E16DB3D4501A38A1618 /* iAdPlugin.h */,
				735C6BD0DDF64335A8706496 /* APPEmailComposer.m */,
				A81BE7A193144570BE4A89AB /* APPEmailComposer.h */,
				1958C9E8F16D4979A96B243B /* SocialSharing.m */,
				EE42731737A84119A30BDB13 /* SocialSharing.h */,
				9899EDF0C7F149749768EA9B /* CDVLogger.m */,
				FED138202A7C47DBA3A4257B /* CDVLogger.h */,
				E035DACB0F8746C887206200 /* CDVDevice.m */,
				52E80BDEEEAA4FCE818FB40F /* CDVDevice.h */,
				F77FB03743614B7399F41561 /* CDVNotification.m */,
				163B43428A364D3B916CB9AF /* CDVNotification.h */,
				D28089B84A2147B9AB873FE2 /* CDVGlobalization.m */,
				7422A458015741109321BB21 /* CDVGlobalization.h */,
				727AE2353B9F4277BA905409 /* CDVInAppBrowser.m */,
				46D290F9D3C84A4C8B58824B /* CDVInAppBrowser.h */,
				A8569AC3C8B442359200A6FD /* CDVAppRate.m */,
				653D57724090422BBE963731 /* CDVAppRate.h */,
			);
			name = Plugins;
			path = "ionWordpress/Plugins";
			sourceTree = SOURCE_ROOT;
		};
		308D052D1370CCF300D202BF /* icons */ = {
			isa = PBXGroup;
			children = (
				30C1856519D5FC0A00212699 /* icon-60@3x.png */,
				7E7966D41810823500FA85AD /* icon-40.png */,
				7E7966D51810823500FA85AD /* icon-40@2x.png */,
				7E7966D61810823500FA85AD /* icon-50.png */,
				7E7966D71810823500FA85AD /* icon-50@2x.png */,
				7E7966D81810823500FA85AD /* icon-60.png */,
				7E7966D91810823500FA85AD /* icon-60@2x.png */,
				7E7966DA1810823500FA85AD /* icon-76.png */,
				7E7966DB1810823500FA85AD /* icon-76@2x.png */,
				7E7966DC1810823500FA85AD /* icon-small.png */,
				7E7966DD1810823500FA85AD /* icon-small@2x.png */,
				30FC414816E50CA1004E6F35 /* icon-72@2x.png */,
				308D052E1370CCF300D202BF /* icon-72.png */,
				308D052F1370CCF300D202BF /* icon.png */,
				308D05301370CCF300D202BF /* icon@2x.png */,
			);
			path = icons;
			sourceTree = "<group>";
		};
		308D05311370CCF300D202BF /* splash */ = {
			isa = PBXGroup;
			children = (
				30B4F2FD19D5E07200D9F7D8 /* Default-667h.png */,
				30B4F2FE19D5E07200D9F7D8 /* Default-736h.png */,
				30B4F2FF19D5E07200D9F7D8 /* Default-Landscape-736h.png */,
				D4A0D8751607E02300AEF8BB /* Default-568h@2x~iphone.png */,
				3088BBB7154F3926009F9C59 /* Default-Landscape@2x~ipad.png */,
				3088BBB8154F3926009F9C59 /* Default-Landscape~ipad.png */,
				3088BBB9154F3926009F9C59 /* Default-Portrait@2x~ipad.png */,
				3088BBBA154F3926009F9C59 /* Default-Portrait~ipad.png */,
				3088BBBB154F3926009F9C59 /* Default@2x~iphone.png */,
				3088BBBC154F3926009F9C59 /* Default~iphone.png */,
			);
			path = splash;
			sourceTree = "<group>";
		};
		EB87FDF11871DA420020F90C /* Staging */ = {
			isa = PBXGroup;
			children = (
				F840E1F0165FE0F500CFE078 /* config.xml */,
				301BF56E109A69640062928A /* www */,
			);
			name = Staging;
			sourceTree = "<group>";
		};
/* End PBXGroup section */

/* Begin PBXNativeTarget section */
		1D6058900D05DD3D006BFB54 /* ionWordpress */ = {
			isa = PBXNativeTarget;
			buildConfigurationList = 1D6058960D05DD3E006BFB54 /* Build configuration list for PBXNativeTarget "ionWordpress" */;
			buildPhases = (
				304B58A110DAC018002A0835 /* Copy www directory */,
				1D60588D0D05DD3D006BFB54 /* Resources */,
				1D60588E0D05DD3D006BFB54 /* Sources */,
				1D60588F0D05DD3D006BFB54 /* Frameworks */,
			);
			buildRules = (
			);
			dependencies = (
				301BF551109A68C00062928A /* PBXTargetDependency */,
			);
			name = "ionWordpress";
			productName = "ionWordpress";
			productReference = 1D6058910D05DD3D006BFB54 /* ionWordpress.app */;
			productType = "com.apple.product-type.application";
		};
/* End PBXNativeTarget section */

/* Begin PBXProject section */
		29B97313FDCFA39411CA2CEA /* Project object */ = {
			isa = PBXProject;
			attributes = {
				LastUpgradeCheck = 510;
			};
			buildConfigurationList = C01FCF4E08A954540054247B /* Build configuration list for PBXProject "__CLI__" */;
			compatibilityVersion = "Xcode 3.2";
			developmentRegion = English;
			hasScannedForEncodings = 1;
			knownRegions = (
				English,
				Japanese,
				French,
				German,
				en,
				es,
				de,
				se,
			);
			mainGroup = 29B97314FDCFA39411CA2CEA /* CustomTemplate */;
			projectDirPath = "";
			projectReferences = (
				{
					ProductGroup = 301BF52E109A57CC0062928A /* Products */;
					ProjectRef = 301BF52D109A57CC0062928A /* CordovaLib.xcodeproj */;
				},
			);
			projectRoot = "";
			targets = (
				1D6058900D05DD3D006BFB54 /* ionWordpress */,
			);
		};
/* End PBXProject section */

/* Begin PBXReferenceProxy section */
		301BF535109A57CC0062928A /* libCordova.a */ = {
			isa = PBXReferenceProxy;
			fileType = archive.ar;
			path = libCordova.a;
			remoteRef = 301BF534109A57CC0062928A /* PBXContainerItemProxy */;
			sourceTree = BUILT_PRODUCTS_DIR;
		};
/* End PBXReferenceProxy section */

/* Begin PBXResourcesBuildPhase section */
		1D60588D0D05DD3D006BFB54 /* Resources */ = {
			isa = PBXResourcesBuildPhase;
			buildActionMask = 2147483647;
			files = (
				7E7966E41810823500FA85AD /* icon-76.png in Resources */,
				7E7966DF1810823500FA85AD /* icon-40@2x.png in Resources */,
				308D05371370CCF300D202BF /* icon-72.png in Resources */,
				30B4F30119D5E07200D9F7D8 /* Default-736h.png in Resources */,
				308D05381370CCF300D202BF /* icon.png in Resources */,
				308D05391370CCF300D202BF /* icon@2x.png in Resources */,
				302D95F214D2391D003F00A1 /* MainViewController.xib in Resources */,
				7E7966E01810823500FA85AD /* icon-50.png in Resources */,
				7E7966E31810823500FA85AD /* icon-60@2x.png in Resources */,
				7E7966E61810823500FA85AD /* icon-small.png in Resources */,
				3088BBBD154F3926009F9C59 /* Default-Landscape@2x~ipad.png in Resources */,
				3088BBBE154F3926009F9C59 /* Default-Landscape~ipad.png in Resources */,
				3088BBBF154F3926009F9C59 /* Default-Portrait@2x~ipad.png in Resources */,
				7E7966E71810823500FA85AD /* icon-small@2x.png in Resources */,
				3088BBC0154F3926009F9C59 /* Default-Portrait~ipad.png in Resources */,
				30B4F30019D5E07200D9F7D8 /* Default-667h.png in Resources */,
				7E7966DE1810823500FA85AD /* icon-40.png in Resources */,
				3088BBC1154F3926009F9C59 /* Default@2x~iphone.png in Resources */,
				7E7966E21810823500FA85AD /* icon-60.png in Resources */,
				3088BBC2154F3926009F9C59 /* Default~iphone.png in Resources */,
				D4A0D8761607E02300AEF8BB /* Default-568h@2x~iphone.png in Resources */,
				30B4F30219D5E07200D9F7D8 /* Default-Landscape-736h.png in Resources */,
				30C1856619D5FC0A00212699 /* icon-60@3x.png in Resources */,
				7E7966E11810823500FA85AD /* icon-50@2x.png in Resources */,
				7E7966E51810823500FA85AD /* icon-76@2x.png in Resources */,
				30FC414916E50CA1004E6F35 /* icon-72@2x.png in Resources */,
				794DEEE510C947B7AC1A0AAF /* CDVNotification.bundle in Resources */,
			);
			runOnlyForDeploymentPostprocessing = 0;
		};
/* End PBXResourcesBuildPhase section */

/* Begin PBXShellScriptBuildPhase section */
		304B58A110DAC018002A0835 /* Copy www directory */ = {
			isa = PBXShellScriptBuildPhase;
			buildActionMask = 2147483647;
			files = (
			);
			inputPaths = (
			);
			name = "Copy www directory";
			outputPaths = (
			);
			runOnlyForDeploymentPostprocessing = 0;
			shellPath = /bin/sh;
			shellScript = "cordova/lib/copy-www-build-step.sh";
			showEnvVarsInLog = 0;
		};
/* End PBXShellScriptBuildPhase section */

/* Begin PBXSourcesBuildPhase section */
		1D60588E0D05DD3D006BFB54 /* Sources */ = {
			isa = PBXSourcesBuildPhase;
			buildActionMask = 2147483647;
			files = (
				1D60589B0D05DD56006BFB54 /* main.m in Sources */,
				1D3623260D0F684500981E51 /* AppDelegate.m in Sources */,
				302D95F114D2391D003F00A1 /* MainViewController.m in Sources */,
				97F3A9546A9349A48AD98B6F /* CDVPluginExt.m in Sources */,
				FE2EA9E588424AD58EDBDFE2 /* CDVAdMobPlugin.m in Sources */,
				CB5572796D484630B2B3B957 /* AdMobMediation.m in Sources */,
				9BE2847475B941F3B307A94B /* IonicKeyboard.m in Sources */,
				37BB4E6963E349E3BAEC953A /* UIWebViewExtension.m in Sources */,
				3E326FE8648A4591B97433CD /* AppDelegate+notification.m in Sources */,
				A0A28701CD9A4612A205FE5D /* PushPlugin.m in Sources */,
				F8BB10E884ED4DAE94D055C4 /* iAdPlugin.m in Sources */,
				0966129E1B1F4CC5A01D45CD /* APPEmailComposer.m in Sources */,
				AD732BB0F4164175ADD018AC /* SocialSharing.m in Sources */,
				4E729DE3BAD24CBC9FA0AA9A /* CDVLogger.m in Sources */,
				304ED589E59D4D76AF77BCF4 /* CDVDevice.m in Sources */,
				7F86C86AB98149978DC9BED0 /* CDVNotification.m in Sources */,
				5A39BE91075143EA9B73D96F /* CDVGlobalization.m in Sources */,
				20E7B2493D964E0481C9E734 /* CDVInAppBrowser.m in Sources */,
				41682C1AC2614DD88145E221 /* CDVAppRate.m in Sources */,
			);
			runOnlyForDeploymentPostprocessing = 0;
		};
/* End PBXSourcesBuildPhase section */

/* Begin PBXTargetDependency section */
		301BF551109A68C00062928A /* PBXTargetDependency */ = {
			isa = PBXTargetDependency;
			name = CordovaLib;
			targetProxy = 301BF550109A68C00062928A /* PBXContainerItemProxy */;
		};
/* End PBXTargetDependency section */

/* Begin XCBuildConfiguration section */
		1D6058940D05DD3E006BFB54 /* Debug */ = {
			isa = XCBuildConfiguration;
			buildSettings = {
				ALWAYS_SEARCH_USER_PATHS = NO;
				CLANG_ENABLE_OBJC_ARC = YES;
				COPY_PHASE_STRIP = NO;
				GCC_DYNAMIC_NO_PIC = NO;
				GCC_OPTIMIZATION_LEVEL = 0;
				GCC_PRECOMPILE_PREFIX_HEADER = YES;
				GCC_PREFIX_HEADER = "ionWordpress/ionWordpress-Prefix.pch";
				GCC_THUMB_SUPPORT = NO;
				GCC_VERSION = "";
				INFOPLIST_FILE = "ionWordpress/ionWordpress-Info.plist";
				IPHONEOS_DEPLOYMENT_TARGET = 6.0;
				OTHER_LDFLAGS = (
					"-weak_framework",
					CoreFoundation,
					"-weak_framework",
					UIKit,
					"-weak_framework",
					AVFoundation,
					"-weak_framework",
					CoreMedia,
					"-weak-lSystem",
					"-ObjC",
				);
				PRODUCT_NAME = "ionWordpress";
				TARGETED_DEVICE_FAMILY = "1,2";
				LIBRARY_SEARCH_PATHS = (
					"$(inherited)",
					"\"$(SRCROOT)/ionWordpress/Plugins/com.rjfun.cordova.extension\"",
				);
				FRAMEWORK_SEARCH_PATHS = (
					"$(inherited)",
					"\"ionWordpress/Plugins/com.google.cordova.admob\"",
				);
			};
			name = Debug;
		};
		1D6058950D05DD3E006BFB54 /* Release */ = {
			isa = XCBuildConfiguration;
			buildSettings = {
				ALWAYS_SEARCH_USER_PATHS = NO;
				CLANG_ENABLE_OBJC_ARC = YES;
				COPY_PHASE_STRIP = YES;
				GCC_PRECOMPILE_PREFIX_HEADER = YES;
				GCC_PREFIX_HEADER = "ionWordpress/ionWordpress-Prefix.pch";
				GCC_THUMB_SUPPORT = NO;
				GCC_VERSION = "";
				INFOPLIST_FILE = "ionWordpress/ionWordpress-Info.plist";
				IPHONEOS_DEPLOYMENT_TARGET = 6.0;
				OTHER_LDFLAGS = (
					"-weak_framework",
					CoreFoundation,
					"-weak_framework",
					UIKit,
					"-weak_framework",
					AVFoundation,
					"-weak_framework",
					CoreMedia,
					"-weak-lSystem",
					"-ObjC",
				);
				PRODUCT_NAME = "ionWordpress";
				TARGETED_DEVICE_FAMILY = "1,2";
				LIBRARY_SEARCH_PATHS = (
					"$(inherited)",
					"\"$(SRCROOT)/ionWordpress/Plugins/com.rjfun.cordova.extension\"",
				);
				FRAMEWORK_SEARCH_PATHS = (
					"$(inherited)",
					"\"ionWordpress/Plugins/com.google.cordova.admob\"",
				);
			};
			name = Release;
		};
		C01FCF4F08A954540054247B /* Debug */ = {
			isa = XCBuildConfiguration;
			buildSettings = {
				CLANG_ENABLE_OBJC_ARC = YES;
				CLANG_WARN_BOOL_CONVERSION = YES;
				CLANG_WARN_CONSTANT_CONVERSION = YES;
				CLANG_WARN_EMPTY_BODY = YES;
				CLANG_WARN_ENUM_CONVERSION = YES;
				CLANG_WARN_INT_CONVERSION = YES;
				CLANG_WARN__DUPLICATE_METHOD_MATCH = YES;
				"CODE_SIGN_IDENTITY[sdk=iphoneos*]" = "iPhone Developer";
				GCC_C_LANGUAGE_STANDARD = c99;
				GCC_THUMB_SUPPORT = NO;
				GCC_VERSION = "";
				GCC_WARN_ABOUT_RETURN_TYPE = YES;
				GCC_WARN_UNDECLARED_SELECTOR = YES;
				GCC_WARN_UNINITIALIZED_AUTOS = YES;
				GCC_WARN_UNUSED_FUNCTION = YES;
				GCC_WARN_UNUSED_VARIABLE = YES;
				HEADER_SEARCH_PATHS = (
					"\"$(TARGET_BUILD_DIR)/usr/local/lib/include\"",
					"\"$(OBJROOT)/UninstalledProducts/include\"",
					"\"$(BUILT_PRODUCTS_DIR)\"",
				);
				IPHONEOS_DEPLOYMENT_TARGET = 6.0;
				ONLY_ACTIVE_ARCH = YES;
				OTHER_LDFLAGS = (
					"-weak_framework",
					CoreFoundation,
					"-weak_framework",
					UIKit,
					"-weak_framework",
					AVFoundation,
					"-weak_framework",
					CoreMedia,
					"-weak-lSystem",
					"-ObjC",
				);
				SDKROOT = iphoneos;
				SKIP_INSTALL = NO;
				USER_HEADER_SEARCH_PATHS = "";
			};
			name = Debug;
		};
		C01FCF5008A954540054247B /* Release */ = {
			isa = XCBuildConfiguration;
			buildSettings = {
				CLANG_ENABLE_OBJC_ARC = YES;
				CLANG_WARN_BOOL_CONVERSION = YES;
				CLANG_WARN_CONSTANT_CONVERSION = YES;
				CLANG_WARN_EMPTY_BODY = YES;
				CLANG_WARN_ENUM_CONVERSION = YES;
				CLANG_WARN_INT_CONVERSION = YES;
				CLANG_WARN__DUPLICATE_METHOD_MATCH = YES;
				"CODE_SIGN_IDENTITY[sdk=iphoneos*]" = "iPhone Developer";
				GCC_C_LANGUAGE_STANDARD = c99;
				GCC_THUMB_SUPPORT = NO;
				GCC_VERSION = "";
				GCC_WARN_ABOUT_RETURN_TYPE = YES;
				GCC_WARN_UNDECLARED_SELECTOR = YES;
				GCC_WARN_UNINITIALIZED_AUTOS = YES;
				GCC_WARN_UNUSED_FUNCTION = YES;
				GCC_WARN_UNUSED_VARIABLE = YES;
				HEADER_SEARCH_PATHS = (
					"\"$(TARGET_BUILD_DIR)/usr/local/lib/include\"",
					"\"$(OBJROOT)/UninstalledProducts/include\"",
					"\"$(BUILT_PRODUCTS_DIR)\"",
				);
				IPHONEOS_DEPLOYMENT_TARGET = 6.0;
				OTHER_LDFLAGS = (
					"-weak_framework",
					CoreFoundation,
					"-weak_framework",
					UIKit,
					"-weak_framework",
					AVFoundation,
					"-weak_framework",
					CoreMedia,
					"-weak-lSystem",
					"-ObjC",
				);
				SDKROOT = iphoneos;
				SKIP_INSTALL = NO;
				USER_HEADER_SEARCH_PATHS = "";
			};
			name = Release;
		};
/* End XCBuildConfiguration section */

/* Begin XCConfigurationList section */
		1D6058960D05DD3E006BFB54 /* Build configuration list for PBXNativeTarget "ionWordpress" */ = {
			isa = XCConfigurationList;
			buildConfigurations = (
				1D6058940D05DD3E006BFB54 /* Debug */,
				1D6058950D05DD3E006BFB54 /* Release */,
			);
			defaultConfigurationIsVisible = 0;
			defaultConfigurationName = Release;
		};
		C01FCF4E08A954540054247B /* Build configuration list for PBXProject "__CLI__" */ = {
			isa = XCConfigurationList;
			buildConfigurations = (
				C01FCF4F08A954540054247B /* Debug */,
				C01FCF5008A954540054247B /* Release */,
			);
			defaultConfigurationIsVisible = 0;
			defaultConfigurationName = Release;
		};
/* End XCConfigurationList section */
	};
	rootObject = 29B97313FDCFA39411CA2CEA /* Project object */;
}
